<?xml version="1.0" encoding="utf-8"?>
<Project ToolsVersion="4.0" xmlns="http://schemas.microsoft.com/developer/msbuild/2003">
  <ItemGroup>
    <Filter Include="BirdEngine">
      <UniqueIdentifier>{DCED76F7-C8A5-B844-31AD-91A01D845335}</UniqueIdentifier>
    </Filter>
    <Filter Include="BirdEngine\Events">
      <UniqueIdentifier>{40EAD2FC-AC00-D192-F577-5CB461CDA11A}</UniqueIdentifier>
    </Filter>
  </ItemGroup>
  <ItemGroup>
    <ClInclude Include="src\BirdEngine.h" />
    <ClInclude Include="src\BirdEngine\Application.h">
      <Filter>BirdEngine</Filter>
    </ClInclude>
    <ClInclude Include="src\BirdEngine\Core.h">
      <Filter>BirdEngine</Filter>
    </ClInclude>
    <ClInclude Include="src\BirdEngine\EntryPoint.h">
      <Filter>BirdEngine</Filter>
    </ClInclude>
    <ClInclude Include="src\BirdEngine\Events\ApplicationEvent.h">
      <Filter>BirdEngine\Events</Filter>
    </ClInclude>
    <ClInclude Include="src\BirdEngine\Events\Event.h">
      <Filter>BirdEngine\Events</Filter>
    </ClInclude>
    <ClInclude Include="src\BirdEngine\Events\KeyEvent.h">
      <Filter>BirdEngine\Events</Filter>
    </ClInclude>
    <ClInclude Include="src\BirdEngine\Events\MouseEvent.h">
      <Filter>BirdEngine\Events</Filter>
    </ClInclude>
    <ClInclude Include="src\BirdEngine\Log.h">
      <Filter>BirdEngine</Filter>
    </ClInclude>
  </ItemGroup>
  <ItemGroup>
    <ClCompile Include="src\BirdEngine\Application.cpp">
      <Filter>BirdEngine</Filter>
    </ClCompile>
    <ClCompile Include="src\BirdEngine\Log.cpp">
      <Filter>BirdEngine</Filter>
    </ClCompile>
  </ItemGroup>
</Project>